
Microsoft Visual Studio Solution File, Format Version 12.00
# Visual Studio 14
VisualStudioVersion = 14.0.23107.0
MinimumVisualStudioVersion = 10.0.40219.1
Project("{F2A71F9B-5D33-465A-A702-920D77279786}") = "FSharpWeb3", "FSharpWeb3\FSharpWeb3.fsproj", "{2131F1B1-D66E-4B72-A3CE-8A2C1660A01A}"
	ProjectSection(ProjectDependencies) = postProject
		{1D60065B-D87B-4176-ABFB-303539DB2647} = {1D60065B-D87B-4176-ABFB-303539DB2647}
	EndProjectSection
EndProject
Project("{F2A71F9B-5D33-465A-A702-920D77279786}") = "Library1", "Library1\Library1.fsproj", "{1D60065B-D87B-4176-ABFB-303539DB2647}"
EndProject
Global
	GlobalSection(SolutionConfigurationPlatforms) = preSolution
		Debug|Any CPU = Debug|Any CPU
		Release|Any CPU = Release|Any CPU
	EndGlobalSection
	GlobalSection(ProjectConfigurationPlatforms) = postSolution
		{2131F1B1-D66E-4B72-A3CE-8A2C1660A01A}.Debug|Any CPU.ActiveCfg = Debug|Any CPU
		{2131F1B1-D66E-4B72-A3CE-8A2C1660A01A}.Debug|Any CPU.Build.0 = Debug|Any CPU
		{2131F1B1-D66E-4B72-A3CE-8A2C1660A01A}.Release|Any CPU.ActiveCfg = Release|Any CPU
		{2131F1B1-D66E-4B72-A3CE-8A2C1660A01A}.Release|Any CPU.Build.0 = Release|Any CPU
		{1D60065B-D87B-4176-ABFB-303539DB2647}.Debug|Any CPU.ActiveCfg = Debug|Any CPU
		{1D60065B-D87B-4176-ABFB-303539DB2647}.Debug|Any CPU.Build.0 = Debug|Any CPU
		{1D60065B-D87B-4176-ABFB-303539DB2647}.Release|Any CPU.ActiveCfg = Release|Any CPU
		{1D60065B-D87B-4176-ABFB-303539DB2647}.Release|Any CPU.Build.0 = Release|Any CPU
	EndGlobalSection
	GlobalSection(SolutionProperties) = preSolution
		HideSolutionNode = FALSE
	EndGlobalSection
EndGlobal
